// !$*UTF8*$!
{
	archiveVersion = 1;
	classes = {
	};
	objectVersion = 56;
	objects = {

/* Begin PBXBuildFile section */
		0400A1DFBEFE93A0B6C36AE2 /* NotchGeometry.swift in Sources */ = {isa = PBXBuildFile; fileRef = D22DCF6B4AFAE9DE74C78F09 /* NotchGeometry.swift */; };
		0810ACE9E511B32EEC8292E2 /* DataMigrationTests.swift in Sources */ = {isa = PBXBuildFile; fileRef = 5615EECF941D6FDB2D216236 /* DataMigrationTests.swift */; };
		0A2852818EA13D47213C6CCE /* NotchTab.swift in Sources */ = {isa = PBXBuildFile; fileRef = 3565F7630AD533FBEFED069B /* NotchTab.swift */; };
		14131CA1EE7EEF435E1B3976 /* StopwatchModelTests.swift in Sources */ = {isa = PBXBuildFile; fileRef = D8C22AE43DD3E7D647DD70C5 /* StopwatchModelTests.swift */; };
		148901532DC9149900F2E06C /* Share.swift in Sources */ = {isa = PBXBuildFile; fileRef = 148901512DC9149900F2E06C /* Share.swift */; };
		148901542DC9149900F2E06C /* Share+View.swift in Sources */ = {isa = PBXBuildFile; fileRef = 148901522DC9149900F2E06C /* Share+View.swift */; };
		180C4879C089AF91B8847641 /* NotchPresentation.swift in Sources */ = {isa = PBXBuildFile; fileRef = 16E8BA7466CAFC9B7AE2A908 /* NotchPresentation.swift */; };
		26DD788D17323348AFD58B31 /* TrayDropFileStorageTimeTests.swift in Sources */ = {isa = PBXBuildFile; fileRef = E726E1E067BC9371BC7E829D /* TrayDropFileStorageTimeTests.swift */; };
		2700D8EE2C3CFD37005ACDDF /* Localizable.xcstrings in Resources */ = {isa = PBXBuildFile; fileRef = 2700D8ED2C3CFD37005ACDDF /* Localizable.xcstrings */; };
		3B5F6E7E84AB8ADD66CB3A76 /* NotchPresentationTests.swift in Sources */ = {isa = PBXBuildFile; fileRef = 6D81B9560D6243B36771BC27 /* NotchPresentationTests.swift */; };
		3F6ECF323D2FA0B1C6F4F657 /* ActivityWiringTests.swift in Sources */ = {isa = PBXBuildFile; fileRef = A52148C73ECB0CE203AF01E2 /* ActivityWiringTests.swift */; };
		4CC82DC7C606D56085F25BED /* ActivityViews.swift in Sources */ = {isa = PBXBuildFile; fileRef = 7825F77143AA60AB7DEF7608 /* ActivityViews.swift */; };
		4E089D09EABC90830008735F /* DataMigration.swift in Sources */ = {isa = PBXBuildFile; fileRef = E01F8D6B671F66BA46A29DEA /* DataMigration.swift */; };
		501F0E8C2C59E6BD00F0113C /* Language.swift in Sources */ = {isa = PBXBuildFile; fileRef = 501F0E8B2C59E6BD00F0113C /* Language.swift */; };
		502E41D62C3CEC990060660E /* Ext+NSAlert.swift in Sources */ = {isa = PBXBuildFile; fileRef = 502E41D52C3CEC990060660E /* Ext+NSAlert.swift */; };
		503D8EBA2C3F838200E173FF /* NotchMenuView.swift in Sources */ = {isa = PBXBuildFile; fileRef = 503D8EB92C3F838200E173FF /* NotchMenuView.swift */; };
		504381882C3A86EC000ED325 /* Assets.xcassets in Resources */ = {isa = PBXBuildFile; fileRef = 504381872C3A86EC000ED325 /* Assets.xcassets */; };
		504381932C3A8755000ED325 /* main.swift in Sources */ = {isa = PBXBuildFile; fileRef = 504381922C3A8755000ED325 /* main.swift */; };
		504381992C3A8893000ED325 /* NotchWindow.swift in Sources */ = {isa = PBXBuildFile; fileRef = 504381982C3A8893000ED325 /* NotchWindow.swift */; };
		5043819B2C3A8A06000ED325 /* AppDelegate.swift in Sources */ = {isa = PBXBuildFile; fileRef = 5043819A2C3A8A06000ED325 /* AppDelegate.swift */; };
		5043819E2C3A8ACA000ED325 /* ColorfulX in Frameworks */ = {isa = PBXBuildFile; productRef = 5043819D2C3A8ACA000ED325 /* ColorfulX */; };
		504381A02C3A8BA1000ED325 /* NotchView.swift in Sources */ = {isa = PBXBuildFile; fileRef = 5043819F2C3A8BA1000ED325 /* NotchView.swift */; };
		504381A22C3A8BE0000ED325 /* Ext+NSScreen.swift in Sources */ = {isa = PBXBuildFile; fileRef = 504381A12C3A8BE0000ED325 /* Ext+NSScreen.swift */; };
		504381A42C3A8C7E000ED325 /* NotchWindowController.swift in Sources */ = {isa = PBXBuildFile; fileRef = 504381A32C3A8C7E000ED325 /* NotchWindowController.swift */; };
		504381A62C3A8CFD000ED325 /* NotchViewController.swift in Sources */ = {isa = PBXBuildFile; fileRef = 504381A52C3A8CFD000ED325 /* NotchViewController.swift */; };
		504381A82C3A926E000ED325 /* NotchViewModel.swift in Sources */ = {isa = PBXBuildFile; fileRef = 504381A72C3A926E000ED325 /* NotchViewModel.swift */; };
		504381AA2C3A9514000ED325 /* EventMonitor.swift in Sources */ = {isa = PBXBuildFile; fileRef = 504381A92C3A9514000ED325 /* EventMonitor.swift */; };
		504381AC2C3A95BD000ED325 /* EventMonitors.swift in Sources */ = {isa = PBXBuildFile; fileRef = 504381AB2C3A95BD000ED325 /* EventMonitors.swift */; };
		504381AF2C3ADFF2000ED325 /* NotchContentView.swift in Sources */ = {isa = PBXBuildFile; fileRef = 504381AE2C3ADFF2000ED325 /* NotchContentView.swift */; };
		504381B12C3AE0B6000ED325 /* NotchHeaderView.swift in Sources */ = {isa = PBXBuildFile; fileRef = 504381B02C3AE0B6000ED325 /* NotchHeaderView.swift */; };
		5044EE992C3B069200071C5C /* TrayDrop+View.swift in Sources */ = {isa = PBXBuildFile; fileRef = 5044EE982C3B069200071C5C /* TrayDrop+View.swift */; };
		5044EE9C2C3B082300071C5C /* Pow in Frameworks */ = {isa = PBXBuildFile; productRef = 5044EE9B2C3B082300071C5C /* Pow */; };
		5044EE9E2C3B0F3D00071C5C /* Ext+FileProvider.swift in Sources */ = {isa = PBXBuildFile; fileRef = 5044EE9D2C3B0F3D00071C5C /* Ext+FileProvider.swift */; };
		5044EEA02C3B116000071C5C /* PublishedPersist.swift in Sources */ = {isa = PBXBuildFile; fileRef = 5044EE9F2C3B116000071C5C /* PublishedPersist.swift */; };
		5044EEA22C3B126F00071C5C /* TrayDrop+DropItemView.swift in Sources */ = {isa = PBXBuildFile; fileRef = 5044EEA12C3B126F00071C5C /* TrayDrop+DropItemView.swift */; };
		5044EEA42C3B140F00071C5C /* Ext+URL.swift in Sources */ = {isa = PBXBuildFile; fileRef = 5044EEA32C3B140F00071C5C /* Ext+URL.swift */; };
		5044EEA72C3B174100071C5C /* BitCollections in Frameworks */ = {isa = PBXBuildFile; productRef = 5044EEA62C3B174100071C5C /* BitCollections */; };
		5044EEA92C3B174100071C5C /* Collections in Frameworks */ = {isa = PBXBuildFile; productRef = 5044EEA82C3B174100071C5C /* Collections */; };
		5044EEAB2C3B174100071C5C /* DequeModule in Frameworks */ = {isa = PBXBuildFile; productRef = 5044EEAA2C3B174100071C5C /* DequeModule */; };
		5044EEAD2C3B174100071C5C /* HashTreeCollections in Frameworks */ = {isa = PBXBuildFile; productRef = 5044EEAC2C3B174100071C5C /* HashTreeCollections */; };
		5044EEAF2C3B174100071C5C /* HeapModule in Frameworks */ = {isa = PBXBuildFile; productRef = 5044EEAE2C3B174100071C5C /* HeapModule */; };
		504A5D802C59EC2D004E8297 /* LaunchAtLogin in Frameworks */ = {isa = PBXBuildFile; productRef = 504A5D7F2C59EC2D004E8297 /* LaunchAtLogin */; };
		508C4DF22C631EF700642ADC /* InfoPlist.xcstrings in Resources */ = {isa = PBXBuildFile; fileRef = 508C4DF12C631EF700642ADC /* InfoPlist.xcstrings */; };
		50CB767E2C3BC8880070D5E6 /* NotchViewModel+Events.swift in Sources */ = {isa = PBXBuildFile; fileRef = 50CB767D2C3BC8880070D5E6 /* NotchViewModel+Events.swift */; };
		50E26E272C3AF5E9007CF247 /* TrayDrop.swift in Sources */ = {isa = PBXBuildFile; fileRef = 50E26E262C3AF5E9007CF247 /* TrayDrop.swift */; };
		50E26E292C3AF67B007CF247 /* TrayDrop+DropItem.swift in Sources */ = {isa = PBXBuildFile; fileRef = 50E26E282C3AF67B007CF247 /* TrayDrop+DropItem.swift */; };
		50EFDB522C3BF7B4002D3E0F /* Ext+NSImage.swift in Sources */ = {isa = PBXBuildFile; fileRef = 50EFDB512C3BF7B4002D3E0F /* Ext+NSImage.swift */; };
		53F65E3EB81554F5512BFBC5 /* DebugTools.swift in Sources */ = {isa = PBXBuildFile; fileRef = 63ECCE76D68562305F5E3C4D /* DebugTools.swift */; };
		60AD62872C579F4400299297 /* NotchSettingsView.swift in Sources */ = {isa = PBXBuildFile; fileRef = 60AD62862C579F4400299297 /* NotchSettingsView.swift */; };
		60B56CC912638C7452EE2813 /* NotchShellShape.swift in Sources */ = {isa = PBXBuildFile; fileRef = 97EAD3D3FF51AA7861ADF10A /* NotchShellShape.swift */; };
		662A76DBC0B555F8A72F5297 /* WingLayout.swift in Sources */ = {isa = PBXBuildFile; fileRef = 88F2EEDEB87473191497A4C4 /* WingLayout.swift */; };
		73BD685AB2E6957B25E85F73 /* NotchGeometryTests.swift in Sources */ = {isa = PBXBuildFile; fileRef = 7762F5627C1BACEF1F6FF502 /* NotchGeometryTests.swift */; };
		7C2DA7EB72C0B19F6E5F01E2 /* PersistTests.swift in Sources */ = {isa = PBXBuildFile; fileRef = 9A990D514073038A2109BCE6 /* PersistTests.swift */; };
		7D17CF4F2A49DAC4F209F404 /* ActivityCenter.swift in Sources */ = {isa = PBXBuildFile; fileRef = F6B8959B44F9BDF8A50AA925 /* ActivityCenter.swift */; };
		86D524CA874567BEC119C0DD /* DisplayPreferenceTests.swift in Sources */ = {isa = PBXBuildFile; fileRef = 10ADA05FDCA54266D1E6E28E /* DisplayPreferenceTests.swift */; };
		A29881747A6D9C96002A3807 /* PomodoroModelTests.swift in Sources */ = {isa = PBXBuildFile; fileRef = 8D77393E145BFF18CC172305 /* PomodoroModelTests.swift */; };
		A5645F8AE368C1F708F386A5 /* PowerEvents.swift in Sources */ = {isa = PBXBuildFile; fileRef = 78E1E8AE280B0D0C94CCFD71 /* PowerEvents.swift */; };
		AF276C285A87604AB1737EF5 /* BatteryGlyph.swift in Sources */ = {isa = PBXBuildFile; fileRef = C838795216BE09B207860823 /* BatteryGlyph.swift */; };
		B5A34EDEA2B0DDD6262E0404 /* ActivityScheduler.swift in Sources */ = {isa = PBXBuildFile; fileRef = D3D45AC6AE54D0C8F6AB26A2 /* ActivityScheduler.swift */; };
		BF650DBD55E7D902C190A629 /* ActivityWiring.swift in Sources */ = {isa = PBXBuildFile; fileRef = 0C80C685144D9A51F715F7DD /* ActivityWiring.swift */; };
		C16B4FE945E82F9F4BD9E558 /* NotchTabTests.swift in Sources */ = {isa = PBXBuildFile; fileRef = 22E6D5D1C6719F493D05E13B /* NotchTabTests.swift */; };
		C5D098F502549CD5F3F16A15 /* NotchViewModelTests.swift in Sources */ = {isa = PBXBuildFile; fileRef = 59BB0950F9E4C65E8BF9B2B2 /* NotchViewModelTests.swift */; };
		CC722F36D46408F8CA691FC4 /* PowerEventsTests.swift in Sources */ = {isa = PBXBuildFile; fileRef = F0E0A9B9EDFE3DC0CD55762B /* PowerEventsTests.swift */; };
		CFB42B466E3B0134D087D9E2 /* NotchShellShapeTests.swift in Sources */ = {isa = PBXBuildFile; fileRef = 020E4162E49FB914CEC36C65 /* NotchShellShapeTests.swift */; };
		DEC100020000000000000001 /* DSTokens.swift in Sources */ = {isa = PBXBuildFile; fileRef = DEC100010000000000000001 /* DSTokens.swift */; };
		DEC100020000000000000002 /* DSComponents.swift in Sources */ = {isa = PBXBuildFile; fileRef = DEC100010000000000000002 /* DSComponents.swift */; };
		DEC100020000000000000003 /* DSGallery.swift in Sources */ = {isa = PBXBuildFile; fileRef = DEC100010000000000000003 /* DSGallery.swift */; };
		E08D7EC0C2A1DE37A64E2CEE /* ActivityCenterTests.swift in Sources */ = {isa = PBXBuildFile; fileRef = E2CC1DE0FB4305F44D42D712 /* ActivityCenterTests.swift */; };
		EF9954C4437D530BDB65A5D7 /* DSTabBar.swift in Sources */ = {isa = PBXBuildFile; fileRef = BF8FFDEC3358E79DBFEA7B5C /* DSTabBar.swift */; };
		F1X100020000000000000001 /* Log.swift in Sources */ = {isa = PBXBuildFile; fileRef = F1X100010000000000000001 /* Log.swift */; };
		F1X100020000000000000002 /* DynamicNotchError.swift in Sources */ = {isa = PBXBuildFile; fileRef = F1X100010000000000000002 /* DynamicNotchError.swift */; };
		F1X100020000000000000003 /* SingleInstance.swift in Sources */ = {isa = PBXBuildFile; fileRef = F1X100010000000000000003 /* SingleInstance.swift */; };
		F3X100020000000000000001 /* AppSettings.swift in Sources */ = {isa = PBXBuildFile; fileRef = F3X100010000000000000001 /* AppSettings.swift */; };
		F3X100020000000000000002 /* DisplayPreference.swift in Sources */ = {isa = PBXBuildFile; fileRef = F3X100010000000000000002 /* DisplayPreference.swift */; };
		F705F14F77D16A476CBD822B /* Activity.swift in Sources */ = {isa = PBXBuildFile; fileRef = DB23AA22D21361C000488F50 /* Activity.swift */; };
		W1D100020000000000000002 /* NoteWidget.swift in Sources */ = {isa = PBXBuildFile; fileRef = W1D100010000000000000002 /* NoteWidget.swift */; };
		W1D100020000000000000003 /* StopwatchWidget.swift in Sources */ = {isa = PBXBuildFile; fileRef = W1D100010000000000000003 /* StopwatchWidget.swift */; };
		W1D100020000000000000004 /* PomodoroWidget.swift in Sources */ = {isa = PBXBuildFile; fileRef = W1D100010000000000000004 /* PomodoroWidget.swift */; };
		W1D100020000000000000005 /* NowPlayingWidget.swift in Sources */ = {isa = PBXBuildFile; fileRef = W1D100010000000000000005 /* NowPlayingWidget.swift */; };
		W1D100020000000000000006 /* CalendarWidget.swift in Sources */ = {isa = PBXBuildFile; fileRef = W1D100010000000000000006 /* CalendarWidget.swift */; };
		WG1100020000000000000001 /* BatteryMonitor.swift in Sources */ = {isa = PBXBuildFile; fileRef = WG1100010000000000000001 /* BatteryMonitor.swift */; };
/* End PBXBuildFile section */

/* Begin PBXContainerItemProxy section */
		63FAD2FD84CE67CE8DD62F4B /* PBXContainerItemProxy */ = {
			isa = PBXContainerItemProxy;
			containerPortal = 504381782C3A86EA000ED325 /* Project object */;
			proxyType = 1;
			remoteGlobalIDString = 5043817F2C3A86EA000ED325;
			remoteInfo = DynamicNotch;
		};
/* End PBXContainerItemProxy section */

/* Begin PBXFileReference section */
		020E4162E49FB914CEC36C65 /* NotchShellShapeTests.swift */ = {isa = PBXFileReference; includeInIndex = 1; lastKnownFileType = sourcecode.swift; path = NotchShellShapeTests.swift; sourceTree = "<group>"; };
		0C80C685144D9A51F715F7DD /* ActivityWiring.swift */ = {isa = PBXFileReference; includeInIndex = 1; lastKnownFileType = sourcecode.swift; path = ActivityWiring.swift; sourceTree = "<group>"; };
		10ADA05FDCA54266D1E6E28E /* DisplayPreferenceTests.swift */ = {isa = PBXFileReference; includeInIndex = 1; lastKnownFileType = sourcecode.swift; path = DisplayPreferenceTests.swift; sourceTree = "<group>"; };
		148901512DC9149900F2E06C /* Share.swift */ = {isa = PBXFileReference; lastKnownFileType = sourcecode.swift; path = Share.swift; sourceTree = "<group>"; };
		148901522DC9149900F2E06C /* Share+View.swift */ = {isa = PBXFileReference; lastKnownFileType = sourcecode.swift; path = "Share+View.swift"; sourceTree = "<group>"; };
		16E8BA7466CAFC9B7AE2A908 /* NotchPresentation.swift */ = {isa = PBXFileReference; includeInIndex = 1; lastKnownFileType = sourcecode.swift; path = NotchPresentation.swift; sourceTree = "<group>"; };
		22E6D5D1C6719F493D05E13B /* NotchTabTests.swift */ = {isa = PBXFileReference; includeInIndex = 1; lastKnownFileType = sourcecode.swift; path = NotchTabTests.swift; sourceTree = "<group>"; };
		2700D8ED2C3CFD37005ACDDF /* Localizable.xcstrings */ = {isa = PBXFileReference; lastKnownFileType = text.json.xcstrings; path = Localizable.xcstrings; sourceTree = "<group>"; };
		3565F7630AD533FBEFED069B /* NotchTab.swift */ = {isa = PBXFileReference; includeInIndex = 1; lastKnownFileType = sourcecode.swift; path = NotchTab.swift; sourceTree = "<group>"; };
		501F0E8B2C59E6BD00F0113C /* Language.swift */ = {isa = PBXFileReference; lastKnownFileType = sourcecode.swift; path = Language.swift; sourceTree = "<group>"; };
		502E41D52C3CEC990060660E /* Ext+NSAlert.swift */ = {isa = PBXFileReference; lastKnownFileType = sourcecode.swift; path = "Ext+NSAlert.swift"; sourceTree = "<group>"; };
		503D8EB92C3F838200E173FF /* NotchMenuView.swift */ = {isa = PBXFileReference; lastKnownFileType = sourcecode.swift; path = NotchMenuView.swift; sourceTree = "<group>"; };
		504381802C3A86EA000ED325 /* DynamicNotch.app */ = {isa = PBXFileReference; explicitFileType = wrapper.application; includeInIndex = 0; path = DynamicNotch.app; sourceTree = BUILT_PRODUCTS_DIR; };
		504381872C3A86EC000ED325 /* Assets.xcassets */ = {isa = PBXFileReference; lastKnownFileType = folder.assetcatalog; path = Assets.xcassets; sourceTree = "<group>"; };
		5043818C2C3A86EC000ED325 /* DynamicNotch.entitlements */ = {isa = PBXFileReference; lastKnownFileType = text.plist.entitlements; path = DynamicNotch.entitlements; sourceTree = "<group>"; };
		504381922C3A8755000ED325 /* main.swift */ = {isa = PBXFileReference; lastKnownFileType = sourcecode.swift; path = main.swift; sourceTree = "<group>"; };
		504381982C3A8893000ED325 /* NotchWindow.swift */ = {isa = PBXFileReference; lastKnownFileType = sourcecode.swift; path = NotchWindow.swift; sourceTree = "<group>"; };
		5043819A2C3A8A06000ED325 /* AppDelegate.swift */ = {isa = PBXFileReference; lastKnownFileType = sourcecode.swift; path = AppDelegate.swift; sourceTree = "<group>"; };
		5043819F2C3A8BA1000ED325 /* NotchView.swift */ = {isa = PBXFileReference; lastKnownFileType = sourcecode.swift; path = NotchView.swift; sourceTree = "<group>"; };
		504381A12C3A8BE0000ED325 /* Ext+NSScreen.swift */ = {isa = PBXFileReference; lastKnownFileType = sourcecode.swift; path = "Ext+NSScreen.swift"; sourceTree = "<group>"; };
		504381A32C3A8C7E000ED325 /* NotchWindowController.swift */ = {isa = PBXFileReference; lastKnownFileType = sourcecode.swift; path = NotchWindowController.swift; sourceTree = "<group>"; };
		504381A52C3A8CFD000ED325 /* NotchViewController.swift */ = {isa = PBXFileReference; lastKnownFileType = sourcecode.swift; path = NotchViewController.swift; sourceTree = "<group>"; };
		504381A72C3A926E000ED325 /* NotchViewModel.swift */ = {isa = PBXFileReference; lastKnownFileType = sourcecode.swift; path = NotchViewModel.swift; sourceTree = "<group>"; };
		504381A92C3A9514000ED325 /* EventMonitor.swift */ = {isa = PBXFileReference; lastKnownFileType = sourcecode.swift; path = EventMonitor.swift; sourceTree = "<group>"; };
		504381AB2C3A95BD000ED325 /* EventMonitors.swift */ = {isa = PBXFileReference; lastKnownFileType = sourcecode.swift; path = EventMonitors.swift; sourceTree = "<group>"; };
		504381AE2C3ADFF2000ED325 /* NotchContentView.swift */ = {isa = PBXFileReference; lastKnownFileType = sourcecode.swift; path = NotchContentView.swift; sourceTree = "<group>"; };
		504381B02C3AE0B6000ED325 /* NotchHeaderView.swift */ = {isa = PBXFileReference; lastKnownFileType = sourcecode.swift; path = NotchHeaderView.swift; sourceTree = "<group>"; };
		5044EE982C3B069200071C5C /* TrayDrop+View.swift */ = {isa = PBXFileReference; lastKnownFileType = sourcecode.swift; path = "TrayDrop+View.swift"; sourceTree = "<group>"; };
		5044EE9D2C3B0F3D00071C5C /* Ext+FileProvider.swift */ = {isa = PBXFileReference; lastKnownFileType = sourcecode.swift; path = "Ext+FileProvider.swift"; sourceTree = "<group>"; };
		5044EE9F2C3B116000071C5C /* PublishedPersist.swift */ = {isa = PBXFileReference; lastKnownFileType = sourcecode.swift; path = PublishedPersist.swift; sourceTree = "<group>"; };
		5044EEA12C3B126F00071C5C /* TrayDrop+DropItemView.swift */ = {isa = PBXFileReference; lastKnownFileType = sourcecode.swift; path = "TrayDrop+DropItemView.swift"; sourceTree = "<group>"; };
		5044EEA32C3B140F00071C5C /* Ext+URL.swift */ = {isa = PBXFileReference; lastKnownFileType = sourcecode.swift; path = "Ext+URL.swift"; sourceTree = "<group>"; };
		508C4DF12C631EF700642ADC /* InfoPlist.xcstrings */ = {isa = PBXFileReference; lastKnownFileType = text.json.xcstrings; path = InfoPlist.xcstrings; sourceTree = "<group>"; };
		50CB767D2C3BC8880070D5E6 /* NotchViewModel+Events.swift */ = {isa = PBXFileReference; lastKnownFileType = sourcecode.swift; path = "NotchViewModel+Events.swift"; sourceTree = "<group>"; };
		50D7EFF22C3E484C005AC04E /* Info.plist */ = {isa = PBXFileReference; lastKnownFileType = text.plist; path = Info.plist; sourceTree = "<group>"; };
		50E26E262C3AF5E9007CF247 /* TrayDrop.swift */ = {isa = PBXFileReference; lastKnownFileType = sourcecode.swift; path = TrayDrop.swift; sourceTree = "<group>"; };
		50E26E282C3AF67B007CF247 /* TrayDrop+DropItem.swift */ = {isa = PBXFileReference; lastKnownFileType = sourcecode.swift; path = "TrayDrop+DropItem.swift"; sourceTree = "<group>"; };
		50EFDB512C3BF7B4002D3E0F /* Ext+NSImage.swift */ = {isa = PBXFileReference; lastKnownFileType = sourcecode.swift; path = "Ext+NSImage.swift"; sourceTree = "<group>"; };
		5615EECF941D6FDB2D216236 /* DataMigrationTests.swift */ = {isa = PBXFileReference; includeInIndex = 1; lastKnownFileType = sourcecode.swift; path = DataMigrationTests.swift; sourceTree = "<group>"; };
		59BB0950F9E4C65E8BF9B2B2 /* NotchViewModelTests.swift */ = {isa = PBXFileReference; includeInIndex = 1; lastKnownFileType = sourcecode.swift; path = NotchViewModelTests.swift; sourceTree = "<group>"; };
		60AD62862C579F4400299297 /* NotchSettingsView.swift */ = {isa = PBXFileReference; lastKnownFileType = sourcecode.swift; path = NotchSettingsView.swift; sourceTree = "<group>"; };
		63ECCE76D68562305F5E3C4D /* DebugTools.swift */ = {isa = PBXFileReference; includeInIndex = 1; lastKnownFileType = sourcecode.swift; path = DebugTools.swift; sourceTree = "<group>"; };
		6D81B9560D6243B36771BC27 /* NotchPresentationTests.swift */ = {isa = PBXFileReference; includeInIndex = 1; lastKnownFileType = sourcecode.swift; path = NotchPresentationTests.swift; sourceTree = "<group>"; };
		7762F5627C1BACEF1F6FF502 /* NotchGeometryTests.swift */ = {isa = PBXFileReference; includeInIndex = 1; lastKnownFileType = sourcecode.swift; path = NotchGeometryTests.swift; sourceTree = "<group>"; };
		7825F77143AA60AB7DEF7608 /* ActivityViews.swift */ = {isa = PBXFileReference; includeInIndex = 1; lastKnownFileType = sourcecode.swift; path = ActivityViews.swift; sourceTree = "<group>"; };
		78E1E8AE280B0D0C94CCFD71 /* PowerEvents.swift */ = {isa = PBXFileReference; includeInIndex = 1; lastKnownFileType = sourcecode.swift; path = PowerEvents.swift; sourceTree = "<group>"; };
		88F2EEDEB87473191497A4C4 /* WingLayout.swift */ = {isa = PBXFileReference; includeInIndex = 1; lastKnownFileType = sourcecode.swift; path = WingLayout.swift; sourceTree = "<group>"; };
		8D77393E145BFF18CC172305 /* PomodoroModelTests.swift */ = {isa = PBXFileReference; includeInIndex = 1; lastKnownFileType = sourcecode.swift; path = PomodoroModelTests.swift; sourceTree = "<group>"; };
		97EAD3D3FF51AA7861ADF10A /* NotchShellShape.swift */ = {isa = PBXFileReference; includeInIndex = 1; lastKnownFileType = sourcecode.swift; path = NotchShellShape.swift; sourceTree = "<group>"; };
		9A990D514073038A2109BCE6 /* PersistTests.swift */ = {isa = PBXFileReference; includeInIndex = 1; lastKnownFileType = sourcecode.swift; path = PersistTests.swift; sourceTree = "<group>"; };
		A52148C73ECB0CE203AF01E2 /* ActivityWiringTests.swift */ = {isa = PBXFileReference; includeInIndex = 1; lastKnownFileType = sourcecode.swift; path = ActivityWiringTests.swift; sourceTree = "<group>"; };
		BF8FFDEC3358E79DBFEA7B5C /* DSTabBar.swift */ = {isa = PBXFileReference; includeInIndex = 1; lastKnownFileType = sourcecode.swift; path = DSTabBar.swift; sourceTree = "<group>"; };
		C838795216BE09B207860823 /* BatteryGlyph.swift */ = {isa = PBXFileReference; includeInIndex = 1; lastKnownFileType = sourcecode.swift; path = BatteryGlyph.swift; sourceTree = "<group>"; };
		D22DCF6B4AFAE9DE74C78F09 /* NotchGeometry.swift */ = {isa = PBXFileReference; includeInIndex = 1; lastKnownFileType = sourcecode.swift; path = NotchGeometry.swift; sourceTree = "<group>"; };
		D3D45AC6AE54D0C8F6AB26A2 /* ActivityScheduler.swift */ = {isa = PBXFileReference; includeInIndex = 1; lastKnownFileType = sourcecode.swift; path = ActivityScheduler.swift; sourceTree = "<group>"; };
		D8C22AE43DD3E7D647DD70C5 /* StopwatchModelTests.swift */ = {isa = PBXFileReference; includeInIndex = 1; lastKnownFileType = sourcecode.swift; path = StopwatchModelTests.swift; sourceTree = "<group>"; };
		D8E4BA15F311855328EB2CFD /* DynamicNotchTests.xctest */ = {isa = PBXFileReference; explicitFileType = wrapper.cfbundle; includeInIndex = 0; path = DynamicNotchTests.xctest; sourceTree = BUILT_PRODUCTS_DIR; };
		DB23AA22D21361C000488F50 /* Activity.swift */ = {isa = PBXFileReference; includeInIndex = 1; lastKnownFileType = sourcecode.swift; path = Activity.swift; sourceTree = "<group>"; };
		DEC100010000000000000001 /* DSTokens.swift */ = {isa = PBXFileReference; lastKnownFileType = sourcecode.swift; path = DSTokens.swift; sourceTree = "<group>"; };
		DEC100010000000000000002 /* DSComponents.swift */ = {isa = PBXFileReference; lastKnownFileType = sourcecode.swift; path = DSComponents.swift; sourceTree = "<group>"; };
		DEC100010000000000000003 /* DSGallery.swift */ = {isa = PBXFileReference; lastKnownFileType = sourcecode.swift; path = DSGallery.swift; sourceTree = "<group>"; };
		E01F8D6B671F66BA46A29DEA /* DataMigration.swift */ = {isa = PBXFileReference; includeInIndex = 1; lastKnownFileType = sourcecode.swift; path = DataMigration.swift; sourceTree = "<group>"; };
		E2CC1DE0FB4305F44D42D712 /* ActivityCenterTests.swift */ = {isa = PBXFileReference; includeInIndex = 1; lastKnownFileType = sourcecode.swift; path = ActivityCenterTests.swift; sourceTree = "<group>"; };
		E726E1E067BC9371BC7E829D /* TrayDropFileStorageTimeTests.swift */ = {isa = PBXFileReference; includeInIndex = 1; lastKnownFileType = sourcecode.swift; path = TrayDropFileStorageTimeTests.swift; sourceTree = "<group>"; };
		F0E0A9B9EDFE3DC0CD55762B /* PowerEventsTests.swift */ = {isa = PBXFileReference; includeInIndex = 1; lastKnownFileType = sourcecode.swift; path = PowerEventsTests.swift; sourceTree = "<group>"; };
		F1X100010000000000000001 /* Log.swift */ = {isa = PBXFileReference; lastKnownFileType = sourcecode.swift; path = Log.swift; sourceTree = "<group>"; };
		F1X100010000000000000002 /* DynamicNotchError.swift */ = {isa = PBXFileReference; lastKnownFileType = sourcecode.swift; path = DynamicNotchError.swift; sourceTree = "<group>"; };
		F1X100010000000000000003 /* SingleInstance.swift */ = {isa = PBXFileReference; lastKnownFileType = sourcecode.swift; path = SingleInstance.swift; sourceTree = "<group>"; };
		F3X100010000000000000001 /* AppSettings.swift */ = {isa = PBXFileReference; lastKnownFileType = sourcecode.swift; path = AppSettings.swift; sourceTree = "<group>"; };
		F3X100010000000000000002 /* DisplayPreference.swift */ = {isa = PBXFileReference; lastKnownFileType = sourcecode.swift; path = DisplayPreference.swift; sourceTree = "<group>"; };
		F6B8959B44F9BDF8A50AA925 /* ActivityCenter.swift */ = {isa = PBXFileReference; includeInIndex = 1; lastKnownFileType = sourcecode.swift; path = ActivityCenter.swift; sourceTree = "<group>"; };
		W1D100010000000000000002 /* NoteWidget.swift */ = {isa = PBXFileReference; lastKnownFileType = sourcecode.swift; path = NoteWidget.swift; sourceTree = "<group>"; };
		W1D100010000000000000003 /* StopwatchWidget.swift */ = {isa = PBXFileReference; lastKnownFileType = sourcecode.swift; path = StopwatchWidget.swift; sourceTree = "<group>"; };
		W1D100010000000000000004 /* PomodoroWidget.swift */ = {isa = PBXFileReference; lastKnownFileType = sourcecode.swift; path = PomodoroWidget.swift; sourceTree = "<group>"; };
		W1D100010000000000000005 /* NowPlayingWidget.swift */ = {isa = PBXFileReference; lastKnownFileType = sourcecode.swift; path = NowPlayingWidget.swift; sourceTree = "<group>"; };
		W1D100010000000000000006 /* CalendarWidget.swift */ = {isa = PBXFileReference; lastKnownFileType = sourcecode.swift; path = CalendarWidget.swift; sourceTree = "<group>"; };
		WG1100010000000000000001 /* BatteryMonitor.swift */ = {isa = PBXFileReference; lastKnownFileType = sourcecode.swift; path = BatteryMonitor.swift; sourceTree = "<group>"; };
/* End PBXFileReference section */

/* Begin PBXFrameworksBuildPhase section */
		5043817D2C3A86EA000ED325 /* Frameworks */ = {
			isa = PBXFrameworksBuildPhase;
			buildActionMask = 2147483647;
			files = (
				5044EEAD2C3B174100071C5C /* HashTreeCollections in Frameworks */,
				5043819E2C3A8ACA000ED325 /* ColorfulX in Frameworks */,
				5044EE9C2C3B082300071C5C /* Pow in Frameworks */,
				5044EEAF2C3B174100071C5C /* HeapModule in Frameworks */,
				5044EEAB2C3B174100071C5C /* DequeModule in Frameworks */,
				5044EEA92C3B174100071C5C /* Collections in Frameworks */,
				504A5D802C59EC2D004E8297 /* LaunchAtLogin in Frameworks */,
				5044EEA72C3B174100071C5C /* BitCollections in Frameworks */,
			);
			runOnlyForDeploymentPostprocessing = 0;
		};
		C0797951290DDE52626A5847 /* Frameworks */ = {
			isa = PBXFrameworksBuildPhase;
			buildActionMask = 2147483647;
			files = (
			);
			runOnlyForDeploymentPostprocessing = 0;
		};
/* End PBXFrameworksBuildPhase section */

/* Begin PBXGroup section */
		46790F07371629485592CCE5 /* DynamicNotchTests */ = {
			isa = PBXGroup;
			children = (
				10ADA05FDCA54266D1E6E28E /* DisplayPreferenceTests.swift */,
				9A990D514073038A2109BCE6 /* PersistTests.swift */,
				E726E1E067BC9371BC7E829D /* TrayDropFileStorageTimeTests.swift */,
				5615EECF941D6FDB2D216236 /* DataMigrationTests.swift */,
				7762F5627C1BACEF1F6FF502 /* NotchGeometryTests.swift */,
				020E4162E49FB914CEC36C65 /* NotchShellShapeTests.swift */,
				E2CC1DE0FB4305F44D42D712 /* ActivityCenterTests.swift */,
				F0E0A9B9EDFE3DC0CD55762B /* PowerEventsTests.swift */,
				6D81B9560D6243B36771BC27 /* NotchPresentationTests.swift */,
				D8C22AE43DD3E7D647DD70C5 /* StopwatchModelTests.swift */,
				8D77393E145BFF18CC172305 /* PomodoroModelTests.swift */,
				A52148C73ECB0CE203AF01E2 /* ActivityWiringTests.swift */,
				59BB0950F9E4C65E8BF9B2B2 /* NotchViewModelTests.swift */,
				22E6D5D1C6719F493D05E13B /* NotchTabTests.swift */,
			);
			name = DynamicNotchTests;
			path = DynamicNotchTests;
			sourceTree = "<group>";
		};
		4686FD7FADA6F766590BB65F /* Geometry */ = {
			isa = PBXGroup;
			children = (
				D22DCF6B4AFAE9DE74C78F09 /* NotchGeometry.swift */,
			);
			name = Geometry;
			path = Geometry;
			sourceTree = "<group>";
		};
		504381772C3A86EA000ED325 = {
			isa = PBXGroup;
			children = (
				504381822C3A86EA000ED325 /* DynamicNotch */,
				504381812C3A86EA000ED325 /* Products */,
				46790F07371629485592CCE5 /* DynamicNotchTests */,
			);
			sourceTree = "<group>";
		};
		504381812C3A86EA000ED325 /* Products */ = {
			isa = PBXGroup;
			children = (
				504381802C3A86EA000ED325 /* DynamicNotch.app */,
				D8E4BA15F311855328EB2CFD /* DynamicNotchTests.xctest */,
			);
			name = Products;
			sourceTree = "<group>";
		};
		504381822C3A86EA000ED325 /* DynamicNotch */ = {
			isa = PBXGroup;
			children = (
				148901512DC9149900F2E06C /* Share.swift */,
				148901522DC9149900F2E06C /* Share+View.swift */,
				50D7EFF22C3E484C005AC04E /* Info.plist */,
				5043818C2C3A86EC000ED325 /* DynamicNotch.entitlements */,
				2700D8ED2C3CFD37005ACDDF /* Localizable.xcstrings */,
				508C4DF12C631EF700642ADC /* InfoPlist.xcstrings */,
				504381872C3A86EC000ED325 /* Assets.xcassets */,
				504381922C3A8755000ED325 /* main.swift */,
				5043819A2C3A8A06000ED325 /* AppDelegate.swift */,
				501F0E8B2C59E6BD00F0113C /* Language.swift */,
				504381982C3A8893000ED325 /* NotchWindow.swift */,
				504381A32C3A8C7E000ED325 /* NotchWindowController.swift */,
				5043819F2C3A8BA1000ED325 /* NotchView.swift */,
				504381B02C3AE0B6000ED325 /* NotchHeaderView.swift */,
				503D8EB92C3F838200E173FF /* NotchMenuView.swift */,
				504381AE2C3ADFF2000ED325 /* NotchContentView.swift */,
				60AD62862C579F4400299297 /* NotchSettingsView.swift */,
				504381A52C3A8CFD000ED325 /* NotchViewController.swift */,
				504381A72C3A926E000ED325 /* NotchViewModel.swift */,
				50CB767D2C3BC8880070D5E6 /* NotchViewModel+Events.swift */,
				504381A92C3A9514000ED325 /* EventMonitor.swift */,
				504381AB2C3A95BD000ED325 /* EventMonitors.swift */,
				50E26E262C3AF5E9007CF247 /* TrayDrop.swift */,
				50E26E282C3AF67B007CF247 /* TrayDrop+DropItem.swift */,
				5044EE982C3B069200071C5C /* TrayDrop+View.swift */,
				5044EEA12C3B126F00071C5C /* TrayDrop+DropItemView.swift */,
				5044EEA32C3B140F00071C5C /* Ext+URL.swift */,
				50EFDB512C3BF7B4002D3E0F /* Ext+NSImage.swift */,
				504381A12C3A8BE0000ED325 /* Ext+NSScreen.swift */,
				5044EE9D2C3B0F3D00071C5C /* Ext+FileProvider.swift */,
				502E41D52C3CEC990060660E /* Ext+NSAlert.swift */,
				5044EE9F2C3B116000071C5C /* PublishedPersist.swift */,
				F1X100010000000000000001 /* Log.swift */,
				F1X100010000000000000002 /* DynamicNotchError.swift */,
				F1X100010000000000000003 /* SingleInstance.swift */,
				F3X100010000000000000001 /* AppSettings.swift */,
				F3X100010000000000000002 /* DisplayPreference.swift */,
				WG1100010000000000000001 /* BatteryMonitor.swift */,
				W1D100040000000000000000 /* Widgets */,
				DEC100030000000000000000 /* DesignSystem */,
				E01F8D6B671F66BA46A29DEA /* DataMigration.swift */,
				4686FD7FADA6F766590BB65F /* Geometry */,
				8198D6F219F953EAEEFE99FE /* Shell */,
				5B742318C782B253B7900DF3 /* Activities */,
				7003710C960D72ACC006D555 /* Debug */,
			);
			path = DynamicNotch;
			sourceTree = "<group>";
		};
		5B742318C782B253B7900DF3 /* Activities */ = {
			isa = PBXGroup;
			children = (
				DB23AA22D21361C000488F50 /* Activity.swift */,
				D3D45AC6AE54D0C8F6AB26A2 /* ActivityScheduler.swift */,
				F6B8959B44F9BDF8A50AA925 /* ActivityCenter.swift */,
				78E1E8AE280B0D0C94CCFD71 /* PowerEvents.swift */,
				0C80C685144D9A51F715F7DD /* ActivityWiring.swift */,
			);
			name = Activities;
			path = Activities;
			sourceTree = "<group>";
		};
		7003710C960D72ACC006D555 /* Debug */ = {
			isa = PBXGroup;
			children = (
				63ECCE76D68562305F5E3C4D /* DebugTools.swift */,
			);
			name = Debug;
			path = Debug;
			sourceTree = "<group>";
		};
		8198D6F219F953EAEEFE99FE /* Shell */ = {
			isa = PBXGroup;
			children = (
				97EAD3D3FF51AA7861ADF10A /* NotchShellShape.swift */,
				88F2EEDEB87473191497A4C4 /* WingLayout.swift */,
				16E8BA7466CAFC9B7AE2A908 /* NotchPresentation.swift */,
				C838795216BE09B207860823 /* BatteryGlyph.swift */,
				7825F77143AA60AB7DEF7608 /* ActivityViews.swift */,
				3565F7630AD533FBEFED069B /* NotchTab.swift */,
			);
			name = Shell;
			path = Shell;
			sourceTree = "<group>";
		};
		DEC100030000000000000000 /* DesignSystem */ = {
			isa = PBXGroup;
			children = (
				DEC100010000000000000001 /* DSTokens.swift */,
				DEC100010000000000000002 /* DSComponents.swift */,
				DEC100010000000000000003 /* DSGallery.swift */,
				BF8FFDEC3358E79DBFEA7B5C /* DSTabBar.swift */,
			);
			path = DesignSystem;
			sourceTree = "<group>";
		};
		W1D100040000000000000000 /* Widgets */ = {
			isa = PBXGroup;
			children = (
				W1D100010000000000000002 /* NoteWidget.swift */,
				W1D100010000000000000003 /* StopwatchWidget.swift */,
				W1D100010000000000000004 /* PomodoroWidget.swift */,
				W1D100010000000000000005 /* NowPlayingWidget.swift */,
				W1D100010000000000000006 /* CalendarWidget.swift */,
			);
			path = Widgets;
			sourceTree = "<group>";
		};
/* End PBXGroup section */

/* Begin PBXNativeTarget section */
		16C554D5E7A7B555A950A846 /* DynamicNotchTests */ = {
			isa = PBXNativeTarget;
			buildConfigurationList = F63C80CAB67FF339D68ABACB /* Build configuration list for PBXNativeTarget "DynamicNotchTests" */;
			buildPhases = (
				2EB4B06B66554423F07929C6 /* Sources */,
				C0797951290DDE52626A5847 /* Frameworks */,
				E3B95847D243168DE3E87FEF /* Resources */,
			);
			buildRules = (
			);
			dependencies = (
				375AE8B66A166A9DAC9F5C20 /* PBXTargetDependency */,
			);
			name = DynamicNotchTests;
			productName = DynamicNotchTests;
			productReference = D8E4BA15F311855328EB2CFD /* DynamicNotchTests.xctest */;
			productType = "com.apple.product-type.bundle.unit-test";
		};
		5043817F2C3A86EA000ED325 /* DynamicNotch */ = {
			isa = PBXNativeTarget;
			buildConfigurationList = 5043818F2C3A86EC000ED325 /* Build configuration list for PBXNativeTarget "DynamicNotch" */;
			buildPhases = (
				5043817C2C3A86EA000ED325 /* Sources */,
				5043817D2C3A86EA000ED325 /* Frameworks */,
				5043817E2C3A86EA000ED325 /* Resources */,
			);
			buildRules = (
			);
			dependencies = (
			);
			name = DynamicNotch;
			packageProductDependencies = (
				5043819D2C3A8ACA000ED325 /* ColorfulX */,
				5044EE9B2C3B082300071C5C /* Pow */,
				5044EEA62C3B174100071C5C /* BitCollections */,
				5044EEA82C3B174100071C5C /* Collections */,
				5044EEAA2C3B174100071C5C /* DequeModule */,
				5044EEAC2C3B174100071C5C /* HashTreeCollections */,
				5044EEAE2C3B174100071C5C /* HeapModule */,
				504A5D7F2C59EC2D004E8297 /* LaunchAtLogin */,
			);
			productName = DynamicNotch;
			productReference = 504381802C3A86EA000ED325 /* DynamicNotch.app */;
			productType = "com.apple.product-type.application";
		};
/* End PBXNativeTarget section */

/* Begin PBXProject section */
		504381782C3A86EA000ED325 /* Project object */ = {
			isa = PBXProject;
			attributes = {
				BuildIndependentTargetsInParallel = 1;
				LastSwiftUpdateCheck = 1540;
				LastUpgradeCheck = 2600;
				TargetAttributes = {
					5043817F2C3A86EA000ED325 = {
						CreatedOnToolsVersion = 15.4;
					};
				};
			};
			buildConfigurationList = 5043817B2C3A86EA000ED325 /* Build configuration list for PBXProject "DynamicNotch" */;
			compatibilityVersion = "Xcode 14.0";
			developmentRegion = en;
			hasScannedForEncodings = 0;
			knownRegions = (
				en,
				Base,
				"zh-Hans",
				"zh-Hant",
				ja,
				fr,
			);
			mainGroup = 504381772C3A86EA000ED325;
			packageReferences = (
				5043819C2C3A8ACA000ED325 /* XCRemoteSwiftPackageReference "ColorfulX" */,
				5044EE9A2C3B082300071C5C /* XCRemoteSwiftPackageReference "Pow" */,
				5044EEA52C3B174100071C5C /* XCRemoteSwiftPackageReference "swift-collections" */,
				504A5D7E2C59EC2D004E8297 /* XCRemoteSwiftPackageReference "LaunchAtLogin-Modern" */,
			);
			productRefGroup = 504381812C3A86EA000ED325 /* Products */;
			projectDirPath = "";
			projectRoot = "";
			targets = (
				5043817F2C3A86EA000ED325 /* DynamicNotch */,
				16C554D5E7A7B555A950A846 /* DynamicNotchTests */,
			);
		};
/* End PBXProject section */

/* Begin PBXResourcesBuildPhase section */
		5043817E2C3A86EA000ED325 /* Resources */ = {
			isa = PBXResourcesBuildPhase;
			buildActionMask = 2147483647;
			files = (
				508C4DF22C631EF700642ADC /* InfoPlist.xcstrings in Resources */,
				504381882C3A86EC000ED325 /* Assets.xcassets in Resources */,
				2700D8EE2C3CFD37005ACDDF /* Localizable.xcstrings in Resources */,
			);
			runOnlyForDeploymentPostprocessing = 0;
		};
		E3B95847D243168DE3E87FEF /* Resources */ = {
			isa = PBXResourcesBuildPhase;
			buildActionMask = 2147483647;
			files = (
			);
			runOnlyForDeploymentPostprocessing = 0;
		};
/* End PBXResourcesBuildPhase section */

/* Begin PBXSourcesBuildPhase section */
		2EB4B06B66554423F07929C6 /* Sources */ = {
			isa = PBXSourcesBuildPhase;
			buildActionMask = 2147483647;
			files = (
				86D524CA874567BEC119C0DD /* DisplayPreferenceTests.swift in Sources */,
				7C2DA7EB72C0B19F6E5F01E2 /* PersistTests.swift in Sources */,
				26DD788D17323348AFD58B31 /* TrayDropFileStorageTimeTests.swift in Sources */,
				0810ACE9E511B32EEC8292E2 /* DataMigrationTests.swift in Sources */,
				73BD685AB2E6957B25E85F73 /* NotchGeometryTests.swift in Sources */,
				CFB42B466E3B0134D087D9E2 /* NotchShellShapeTests.swift in Sources */,
				E08D7EC0C2A1DE37A64E2CEE /* ActivityCenterTests.swift in Sources */,
				CC722F36D46408F8CA691FC4 /* PowerEventsTests.swift in Sources */,
				3B5F6E7E84AB8ADD66CB3A76 /* NotchPresentationTests.swift in Sources */,
				14131CA1EE7EEF435E1B3976 /* StopwatchModelTests.swift in Sources */,
				A29881747A6D9C96002A3807 /* PomodoroModelTests.swift in Sources */,
				3F6ECF323D2FA0B1C6F4F657 /* ActivityWiringTests.swift in Sources */,
				C5D098F502549CD5F3F16A15 /* NotchViewModelTests.swift in Sources */,
				C16B4FE945E82F9F4BD9E558 /* NotchTabTests.swift in Sources */,
			);
			runOnlyForDeploymentPostprocessing = 0;
		};
		5043817C2C3A86EA000ED325 /* Sources */ = {
			isa = PBXSourcesBuildPhase;
			buildActionMask = 2147483647;
			files = (
				504381992C3A8893000ED325 /* NotchWindow.swift in Sources */,
				5044EEA22C3B126F00071C5C /* TrayDrop+DropItemView.swift in Sources */,
				504381AF2C3ADFF2000ED325 /* NotchContentView.swift in Sources */,
				504381A02C3A8BA1000ED325 /* NotchView.swift in Sources */,
				503D8EBA2C3F838200E173FF /* NotchMenuView.swift in Sources */,
				50EFDB522C3BF7B4002D3E0F /* Ext+NSImage.swift in Sources */,
				50E26E272C3AF5E9007CF247 /* TrayDrop.swift in Sources */,
				5044EE9E2C3B0F3D00071C5C /* Ext+FileProvider.swift in Sources */,
				504381A42C3A8C7E000ED325 /* NotchWindowController.swift in Sources */,
				504381B12C3AE0B6000ED325 /* NotchHeaderView.swift in Sources */,
				50E26E292C3AF67B007CF247 /* TrayDrop+DropItem.swift in Sources */,
				504381A22C3A8BE0000ED325 /* Ext+NSScreen.swift in Sources */,
				5044EEA42C3B140F00071C5C /* Ext+URL.swift in Sources */,
				5044EE992C3B069200071C5C /* TrayDrop+View.swift in Sources */,
				50CB767E2C3BC8880070D5E6 /* NotchViewModel+Events.swift in Sources */,
				504381AC2C3A95BD000ED325 /* EventMonitors.swift in Sources */,
				502E41D62C3CEC990060660E /* Ext+NSAlert.swift in Sources */,
				504381A62C3A8CFD000ED325 /* NotchViewController.swift in Sources */,
				504381AA2C3A9514000ED325 /* EventMonitor.swift in Sources */,
				501F0E8C2C59E6BD00F0113C /* Language.swift in Sources */,
				5043819B2C3A8A06000ED325 /* AppDelegate.swift in Sources */,
				148901532DC9149900F2E06C /* Share.swift in Sources */,
				148901542DC9149900F2E06C /* Share+View.swift in Sources */,
				504381932C3A8755000ED325 /* main.swift in Sources */,
				60AD62872C579F4400299297 /* NotchSettingsView.swift in Sources */,
				504381A82C3A926E000ED325 /* NotchViewModel.swift in Sources */,
				5044EEA02C3B116000071C5C /* PublishedPersist.swift in Sources */,
				DEC100020000000000000001 /* DSTokens.swift in Sources */,
				DEC100020000000000000002 /* DSComponents.swift in Sources */,
				DEC100020000000000000003 /* DSGallery.swift in Sources */,
				F1X100020000000000000001 /* Log.swift in Sources */,
				F1X100020000000000000002 /* DynamicNotchError.swift in Sources */,
				F1X100020000000000000003 /* SingleInstance.swift in Sources */,
				F3X100020000000000000001 /* AppSettings.swift in Sources */,
				F3X100020000000000000002 /* DisplayPreference.swift in Sources */,
				W1D100020000000000000002 /* NoteWidget.swift in Sources */,
				W1D100020000000000000003 /* StopwatchWidget.swift in Sources */,
				W1D100020000000000000004 /* PomodoroWidget.swift in Sources */,
				W1D100020000000000000005 /* NowPlayingWidget.swift in Sources */,
				W1D100020000000000000006 /* CalendarWidget.swift in Sources */,
				WG1100020000000000000001 /* BatteryMonitor.swift in Sources */,
				4E089D09EABC90830008735F /* DataMigration.swift in Sources */,
				0400A1DFBEFE93A0B6C36AE2 /* NotchGeometry.swift in Sources */,
				60B56CC912638C7452EE2813 /* NotchShellShape.swift in Sources */,
				F705F14F77D16A476CBD822B /* Activity.swift in Sources */,
				B5A34EDEA2B0DDD6262E0404 /* ActivityScheduler.swift in Sources */,
				7D17CF4F2A49DAC4F209F404 /* ActivityCenter.swift in Sources */,
				A5645F8AE368C1F708F386A5 /* PowerEvents.swift in Sources */,
				662A76DBC0B555F8A72F5297 /* WingLayout.swift in Sources */,
				180C4879C089AF91B8847641 /* NotchPresentation.swift in Sources */,
				AF276C285A87604AB1737EF5 /* BatteryGlyph.swift in Sources */,
				4CC82DC7C606D56085F25BED /* ActivityViews.swift in Sources */,
				BF650DBD55E7D902C190A629 /* ActivityWiring.swift in Sources */,
				53F65E3EB81554F5512BFBC5 /* DebugTools.swift in Sources */,
				0A2852818EA13D47213C6CCE /* NotchTab.swift in Sources */,
				EF9954C4437D530BDB65A5D7 /* DSTabBar.swift in Sources */,
			);
			runOnlyForDeploymentPostprocessing = 0;
		};
/* End PBXSourcesBuildPhase section */

/* Begin PBXTargetDependency section */
		375AE8B66A166A9DAC9F5C20 /* PBXTargetDependency */ = {
			isa = PBXTargetDependency;
			name = DynamicNotch;
			target = 5043817F2C3A86EA000ED325 /* DynamicNotch */;
			targetProxy = 63FAD2FD84CE67CE8DD62F4B /* PBXContainerItemProxy */;
		};
/* End PBXTargetDependency section */

/* Begin XCBuildConfiguration section */
		45EC68A8CB06CCB156634DE8 /* Debug */ = {
			isa = XCBuildConfiguration;
			buildSettings = {
				BUNDLE_LOADER = "$(TEST_HOST)";
				GENERATE_INFOPLIST_FILE = YES;
				MACOSX_DEPLOYMENT_TARGET = 14.0;
				PRODUCT_BUNDLE_IDENTIFIER = wiki.qaq.DynamicNotchTests;
				PRODUCT_NAME = "$(TARGET_NAME)";
				SDKROOT = macosx;
				SWIFT_VERSION = 5.0;
				TEST_HOST = "$(BUILT_PRODUCTS_DIR)/DynamicNotch.app/Contents/MacOS/DynamicNotch";
			};
			name = Debug;
		};
		5043818D2C3A86EC000ED325 /* Debug */ = {
			isa = XCBuildConfiguration;
			buildSettings = {
				ALWAYS_SEARCH_USER_PATHS = NO;
				ASSETCATALOG_COMPILER_GENERATE_SWIFT_ASSET_SYMBOL_EXTENSIONS = YES;
				CLANG_ANALYZER_LOCALIZABILITY_NONLOCALIZED = YES;
				CLANG_ANALYZER_NONNULL = YES;
				CLANG_ANALYZER_NUMBER_OBJECT_CONVERSION = YES_AGGRESSIVE;
				CLANG_CXX_LANGUAGE_STANDARD = "gnu++20";
				CLANG_ENABLE_MODULES = YES;
				CLANG_ENABLE_OBJC_ARC = YES;
				CLANG_ENABLE_OBJC_WEAK = YES;
				CLANG_WARN_BLOCK_CAPTURE_AUTORELEASING = YES;
				CLANG_WARN_BOOL_CONVERSION = YES;
				CLANG_WARN_COMMA = YES;
				CLANG_WARN_CONSTANT_CONVERSION = YES;
				CLANG_WARN_DEPRECATED_OBJC_IMPLEMENTATIONS = YES;
				CLANG_WARN_DIRECT_OBJC_ISA_USAGE = YES_ERROR;
				CLANG_WARN_DOCUMENTATION_COMMENTS = YES;
				CLANG_WARN_EMPTY_BODY = YES;
				CLANG_WARN_ENUM_CONVERSION = YES;
				CLANG_WARN_INFINITE_RECURSION = YES;
				CLANG_WARN_INT_CONVERSION = YES;
				CLANG_WARN_NON_LITERAL_NULL_CONVERSION = YES;
				CLANG_WARN_OBJC_IMPLICIT_RETAIN_SELF = YES;
				CLANG_WARN_OBJC_LITERAL_CONVERSION = YES;
				CLANG_WARN_OBJC_ROOT_CLASS = YES_ERROR;
				CLANG_WARN_QUOTED_INCLUDE_IN_FRAMEWORK_HEADER = YES;
				CLANG_WARN_RANGE_LOOP_ANALYSIS = YES;
				CLANG_WARN_STRICT_PROTOTYPES = YES;
				CLANG_WARN_SUSPICIOUS_MOVE = YES;
				CLANG_WARN_UNGUARDED_AVAILABILITY = YES_AGGRESSIVE;
				CLANG_WARN_UNREACHABLE_CODE = YES;
				CLANG_WARN__DUPLICATE_METHOD_MATCH = YES;
				COPY_PHASE_STRIP = NO;
				DEAD_CODE_STRIPPING = YES;
				DEBUG_INFORMATION_FORMAT = dwarf;
				DEVELOPMENT_TEAM = 964G86XT2P;
				ENABLE_STRICT_OBJC_MSGSEND = YES;
				ENABLE_TESTABILITY = YES;
				ENABLE_USER_SCRIPT_SANDBOXING = YES;
				GCC_C_LANGUAGE_STANDARD = gnu17;
				GCC_DYNAMIC_NO_PIC = NO;
				GCC_NO_COMMON_BLOCKS = YES;
				GCC_OPTIMIZATION_LEVEL = 0;
				GCC_PREPROCESSOR_DEFINITIONS = (
					"DEBUG=1",
					"$(inherited)",
				);
				GCC_WARN_64_TO_32_BIT_CONVERSION = YES;
				GCC_WARN_ABOUT_RETURN_TYPE = YES_ERROR;
				GCC_WARN_UNDECLARED_SELECTOR = YES;
				GCC_WARN_UNINITIALIZED_AUTOS = YES_AGGRESSIVE;
				GCC_WARN_UNUSED_FUNCTION = YES;
				GCC_WARN_UNUSED_VARIABLE = YES;
				LOCALIZATION_PREFERS_STRING_CATALOGS = YES;
				MACOSX_DEPLOYMENT_TARGET = 14.5;
				MTL_ENABLE_DEBUG_INFO = INCLUDE_SOURCE;
				MTL_FAST_MATH = YES;
				ONLY_ACTIVE_ARCH = YES;
				SDKROOT = macosx;
				STRING_CATALOG_GENERATE_SYMBOLS = YES;
				SWIFT_ACTIVE_COMPILATION_CONDITIONS = "DEBUG $(inherited)";
				SWIFT_EMIT_LOC_STRINGS = YES;
				SWIFT_OPTIMIZATION_LEVEL = "-Onone";
			};
			name = Debug;
		};
		5043818E2C3A86EC000ED325 /* Release */ = {
			isa = XCBuildConfiguration;
			buildSettings = {
				ALWAYS_SEARCH_USER_PATHS = NO;
				ASSETCATALOG_COMPILER_GENERATE_SWIFT_ASSET_SYMBOL_EXTENSIONS = YES;
				CLANG_ANALYZER_LOCALIZABILITY_NONLOCALIZED = YES;
				CLANG_ANALYZER_NONNULL = YES;
				CLANG_ANALYZER_NUMBER_OBJECT_CONVERSION = YES_AGGRESSIVE;
				CLANG_CXX_LANGUAGE_STANDARD = "gnu++20";
				CLANG_ENABLE_MODULES = YES;
				CLANG_ENABLE_OBJC_ARC = YES;
				CLANG_ENABLE_OBJC_WEAK = YES;
				CLANG_WARN_BLOCK_CAPTURE_AUTORELEASING = YES;
				CLANG_WARN_BOOL_CONVERSION = YES;
				CLANG_WARN_COMMA = YES;
				CLANG_WARN_CONSTANT_CONVERSION = YES;
				CLANG_WARN_DEPRECATED_OBJC_IMPLEMENTATIONS = YES;
				CLANG_WARN_DIRECT_OBJC_ISA_USAGE = YES_ERROR;
				CLANG_WARN_DOCUMENTATION_COMMENTS = YES;
				CLANG_WARN_EMPTY_BODY = YES;
				CLANG_WARN_ENUM_CONVERSION = YES;
				CLANG_WARN_INFINITE_RECURSION = YES;
				CLANG_WARN_INT_CONVERSION = YES;
				CLANG_WARN_NON_LITERAL_NULL_CONVERSION = YES;
				CLANG_WARN_OBJC_IMPLICIT_RETAIN_SELF = YES;
				CLANG_WARN_OBJC_LITERAL_CONVERSION = YES;
				CLANG_WARN_OBJC_ROOT_CLASS = YES_ERROR;
				CLANG_WARN_QUOTED_INCLUDE_IN_FRAMEWORK_HEADER = YES;
				CLANG_WARN_RANGE_LOOP_ANALYSIS = YES;
				CLANG_WARN_STRICT_PROTOTYPES = YES;
				CLANG_WARN_SUSPICIOUS_MOVE = YES;
				CLANG_WARN_UNGUARDED_AVAILABILITY = YES_AGGRESSIVE;
				CLANG_WARN_UNREACHABLE_CODE = YES;
				CLANG_WARN__DUPLICATE_METHOD_MATCH = YES;
				COPY_PHASE_STRIP = NO;
				DEAD_CODE_STRIPPING = YES;
				DEBUG_INFORMATION_FORMAT = "dwarf-with-dsym";
				DEVELOPMENT_TEAM = 964G86XT2P;
				ENABLE_NS_ASSERTIONS = NO;
				ENABLE_STRICT_OBJC_MSGSEND = YES;
				ENABLE_USER_SCRIPT_SANDBOXING = YES;
				GCC_C_LANGUAGE_STANDARD = gnu17;
				GCC_NO_COMMON_BLOCKS = YES;
				GCC_WARN_64_TO_32_BIT_CONVERSION = YES;
				GCC_WARN_ABOUT_RETURN_TYPE = YES_ERROR;
				GCC_WARN_UNDECLARED_SELECTOR = YES;
				GCC_WARN_UNINITIALIZED_AUTOS = YES_AGGRESSIVE;
				GCC_WARN_UNUSED_FUNCTION = YES;
				GCC_WARN_UNUSED_VARIABLE = YES;
				LOCALIZATION_PREFERS_STRING_CATALOGS = YES;
				MACOSX_DEPLOYMENT_TARGET = 14.5;
				MTL_ENABLE_DEBUG_INFO = NO;
				MTL_FAST_MATH = YES;
				SDKROOT = macosx;
				STRING_CATALOG_GENERATE_SYMBOLS = YES;
				SWIFT_COMPILATION_MODE = wholemodule;
				SWIFT_EMIT_LOC_STRINGS = YES;
			};
			name = Release;
		};
		504381902C3A86EC000ED325 /* Debug */ = {
			isa = XCBuildConfiguration;
			buildSettings = {
				ASSETCATALOG_COMPILER_APPICON_NAME = AppIcon;
				ASSETCATALOG_COMPILER_GLOBAL_ACCENT_COLOR_NAME = AccentColor;
				CODE_SIGN_ENTITLEMENTS = DynamicNotch/DynamicNotch.entitlements;
				"CODE_SIGN_IDENTITY[sdk=macosx*]" = "Apple Development";
				CODE_SIGN_STYLE = Automatic;
				COMBINE_HIDPI_IMAGES = YES;
				CURRENT_PROJECT_VERSION = 42;
				DEAD_CODE_STRIPPING = YES;
				ENABLE_APP_SANDBOX = YES;
				ENABLE_ENHANCED_SECURITY = YES;
				ENABLE_HARDENED_RUNTIME = YES;
				ENABLE_POINTER_AUTHENTICATION = NO;
				ENABLE_PREVIEWS = YES;
				ENABLE_USER_SELECTED_FILES = readwrite;
				GENERATE_INFOPLIST_FILE = YES;
				INFOPLIST_FILE = DynamicNotch/Info.plist;
				INFOPLIST_KEY_CFBundleDisplayName = DynamicNotch;
				INFOPLIST_KEY_LSApplicationCategoryType = "public.app-category.utilities";
				INFOPLIST_KEY_NSHumanReadableCopyright = "Copyright © 2024 Lakr Aream. All rights reserved.";
				LD_RUNPATH_SEARCH_PATHS = (
					"$(inherited)",
					"@executable_path/../Frameworks",
				);
				MACOSX_DEPLOYMENT_TARGET = 14.0;
				MARKETING_VERSION = 2.16;
				PRODUCT_BUNDLE_IDENTIFIER = wiki.qaq.DynamicNotch;
				PRODUCT_NAME = "$(TARGET_NAME)";
				SWIFT_EMIT_LOC_STRINGS = YES;
				SWIFT_VERSION = 5.0;
			};
			name = Debug;
		};
		504381912C3A86EC000ED325 /* Release */ = {
			isa = XCBuildConfiguration;
			buildSettings = {
				ASSETCATALOG_COMPILER_APPICON_NAME = AppIcon;
				ASSETCATALOG_COMPILER_GLOBAL_ACCENT_COLOR_NAME = AccentColor;
				CODE_SIGN_ENTITLEMENTS = DynamicNotch/DynamicNotch.entitlements;
				"CODE_SIGN_IDENTITY[sdk=macosx*]" = "Apple Development";
				CODE_SIGN_STYLE = Automatic;
				COMBINE_HIDPI_IMAGES = YES;
				CURRENT_PROJECT_VERSION = 42;
				DEAD_CODE_STRIPPING = YES;
				ENABLE_APP_SANDBOX = YES;
				ENABLE_ENHANCED_SECURITY = YES;
				ENABLE_HARDENED_RUNTIME = YES;
				ENABLE_POINTER_AUTHENTICATION = NO;
				ENABLE_PREVIEWS = YES;
				ENABLE_USER_SELECTED_FILES = readwrite;
				GENERATE_INFOPLIST_FILE = YES;
				INFOPLIST_FILE = DynamicNotch/Info.plist;
				INFOPLIST_KEY_CFBundleDisplayName = DynamicNotch;
				INFOPLIST_KEY_LSApplicationCategoryType = "public.app-category.utilities";
				INFOPLIST_KEY_NSHumanReadableCopyright = "Copyright © 2024 Lakr Aream. All rights reserved.";
				LD_RUNPATH_SEARCH_PATHS = (
					"$(inherited)",
					"@executable_path/../Frameworks",
				);
				MACOSX_DEPLOYMENT_TARGET = 14.0;
				MARKETING_VERSION = 2.16;
				PRODUCT_BUNDLE_IDENTIFIER = wiki.qaq.DynamicNotch;
				PRODUCT_NAME = "$(TARGET_NAME)";
				SWIFT_EMIT_LOC_STRINGS = YES;
				SWIFT_VERSION = 5.0;
			};
			name = Release;
		};
		C67B6B33BB64902490287C7E /* Release */ = {
			isa = XCBuildConfiguration;
			buildSettings = {
				BUNDLE_LOADER = "$(TEST_HOST)";
				GENERATE_INFOPLIST_FILE = YES;
				MACOSX_DEPLOYMENT_TARGET = 14.0;
				PRODUCT_BUNDLE_IDENTIFIER = wiki.qaq.DynamicNotchTests;
				PRODUCT_NAME = "$(TARGET_NAME)";
				SDKROOT = macosx;
				SWIFT_VERSION = 5.0;
				TEST_HOST = "$(BUILT_PRODUCTS_DIR)/DynamicNotch.app/Contents/MacOS/DynamicNotch";
			};
			name = Release;
		};
/* End XCBuildConfiguration section */

/* Begin XCConfigurationList section */
		5043817B2C3A86EA000ED325 /* Build configuration list for PBXProject "DynamicNotch" */ = {
			isa = XCConfigurationList;
			buildConfigurations = (
				5043818D2C3A86EC000ED325 /* Debug */,
				5043818E2C3A86EC000ED325 /* Release */,
			);
			defaultConfigurationIsVisible = 0;
			defaultConfigurationName = Release;
		};
		5043818F2C3A86EC000ED325 /* Build configuration list for PBXNativeTarget "DynamicNotch" */ = {
			isa = XCConfigurationList;
			buildConfigurations = (
				504381902C3A86EC000ED325 /* Debug */,
				504381912C3A86EC000ED325 /* Release */,
			);
			defaultConfigurationIsVisible = 0;
			defaultConfigurationName = Release;
		};
		F63C80CAB67FF339D68ABACB /* Build configuration list for PBXNativeTarget "DynamicNotchTests" */ = {
			isa = XCConfigurationList;
			buildConfigurations = (
				C67B6B33BB64902490287C7E /* Release */,
				45EC68A8CB06CCB156634DE8 /* Debug */,
			);
			defaultConfigurationIsVisible = 0;
			defaultConfigurationName = Release;
		};
/* End XCConfigurationList section */

/* Begin XCRemoteSwiftPackageReference section */
		5043819C2C3A8ACA000ED325 /* XCRemoteSwiftPackageReference "ColorfulX" */ = {
			isa = XCRemoteSwiftPackageReference;
			repositoryURL = "https://github.com/Lakr233/ColorfulX";
			requirement = {
				kind = upToNextMajorVersion;
				minimumVersion = 5.7.0;
			};
		};
		5044EE9A2C3B082300071C5C /* XCRemoteSwiftPackageReference "Pow" */ = {
			isa = XCRemoteSwiftPackageReference;
			repositoryURL = "https://github.com/EmergeTools/Pow";
			requirement = {
				kind = upToNextMajorVersion;
				minimumVersion = 1.0.4;
			};
		};
		5044EEA52C3B174100071C5C /* XCRemoteSwiftPackageReference "swift-collections" */ = {
			isa = XCRemoteSwiftPackageReference;
			repositoryURL = "https://github.com/apple/swift-collections.git";
			requirement = {
				kind = upToNextMajorVersion;
				minimumVersion = 1.3.0;
			};
		};
		504A5D7E2C59EC2D004E8297 /* XCRemoteSwiftPackageReference "LaunchAtLogin-Modern" */ = {
			isa = XCRemoteSwiftPackageReference;
			repositoryURL = "https://github.com/sindresorhus/LaunchAtLogin-Modern";
			requirement = {
				kind = upToNextMajorVersion;
				minimumVersion = 1.1.0;
			};
		};
/* End XCRemoteSwiftPackageReference section */

/* Begin XCSwiftPackageProductDependency section */
		5043819D2C3A8ACA000ED325 /* ColorfulX */ = {
			isa = XCSwiftPackageProductDependency;
			package = 5043819C2C3A8ACA000ED325 /* XCRemoteSwiftPackageReference "ColorfulX" */;
			productName = ColorfulX;
		};
		5044EE9B2C3B082300071C5C /* Pow */ = {
			isa = XCSwiftPackageProductDependency;
			package = 5044EE9A2C3B082300071C5C /* XCRemoteSwiftPackageReference "Pow" */;
			productName = Pow;
		};
		5044EEA62C3B174100071C5C /* BitCollections */ = {
			isa = XCSwiftPackageProductDependency;
			package = 5044EEA52C3B174100071C5C /* XCRemoteSwiftPackageReference "swift-collections" */;
			productName = BitCollections;
		};
		5044EEA82C3B174100071C5C /* Collections */ = {
			isa = XCSwiftPackageProductDependency;
			package = 5044EEA52C3B174100071C5C /* XCRemoteSwiftPackageReference "swift-collections" */;
			productName = Collections;
		};
		5044EEAA2C3B174100071C5C /* DequeModule */ = {
			isa = XCSwiftPackageProductDependency;
			package = 5044EEA52C3B174100071C5C /* XCRemoteSwiftPackageReference "swift-collections" */;
			productName = DequeModule;
		};
		5044EEAC2C3B174100071C5C /* HashTreeCollections */ = {
			isa = XCSwiftPackageProductDependency;
			package = 5044EEA52C3B174100071C5C /* XCRemoteSwiftPackageReference "swift-collections" */;
			productName = HashTreeCollections;
		};
		5044EEAE2C3B174100071C5C /* HeapModule */ = {
			isa = XCSwiftPackageProductDependency;
			package = 5044EEA52C3B174100071C5C /* XCRemoteSwiftPackageReference "swift-collections" */;
			productName = HeapModule;
		};
		504A5D7F2C59EC2D004E8297 /* LaunchAtLogin */ = {
			isa = XCSwiftPackageProductDependency;
			package = 504A5D7E2C59EC2D004E8297 /* XCRemoteSwiftPackageReference "LaunchAtLogin-Modern" */;
			productName = LaunchAtLogin;
		};
/* End XCSwiftPackageProductDependency section */
	};
	rootObject = 504381782C3A86EA000ED325 /* Project object */;
}
